{
  "nodes": {
    "config-nix-private": {
      "inputs": {
        "nixpkgs": "nixpkgs",
        "utils": "utils"
      },
      "locked": {
        "lastModified": 1710075961,
        "narHash": "sha256-2pWbZoLt51cMeKtlglFWJYev3rvS+S7mrplGmv8Ojhc=",
        "ref": "6802b7404c166528b686901e9347f64d2ca72555",
        "rev": "6802b7404c166528b686901e9347f64d2ca72555",
        "revCount": 2,
        "type": "git",
        "url": "ssh://git@github.com/actionshrimp/config-nix-private"
      },
      "original": {
        "type": "git",
        "url": "ssh://git@github.com/actionshrimp/config-nix-private"
      }
    },
    "darwin": {
      "inputs": {
        "nixpkgs": [
          "nixpkgs"
        ]
      },
      "locked": {
        "lastModified": 1711763326,
        "narHash": "sha256-sXcesZWKXFlEQ8oyGHnfk4xc9f2Ip0X/+YZOq3sKviI=",
        "owner": "lnl7",
        "repo": "nix-darwin",
        "rev": "36524adc31566655f2f4d55ad6b875fb5c1a4083",
        "type": "github"
      },
      "original": {
        "owner": "lnl7",
        "ref": "master",
        "repo": "nix-darwin",
        "type": "github"
      }
    },
    "flake-compat": {
      "flake": false,
      "locked": {
        "lastModified": 1696426674,
        "narHash": "sha256-kvjfFW7WAETZlt09AgDn1MrtKzP7t90Vf7vypd3OL1U=",
        "owner": "edolstra",
        "repo": "flake-compat",
        "rev": "0f9255e01c2351cc7d116c072cb317785dd33b33",
        "type": "github"
      },
      "original": {
        "owner": "edolstra",
        "repo": "flake-compat",
        "type": "github"
      }
    },
    "flake-parts": {
      "inputs": {
        "nixpkgs-lib": [
          "nix-direnv",
          "nixpkgs"
        ]
      },
      "locked": {
        "lastModified": 1709336216,
        "narHash": "sha256-Dt/wOWeW6Sqm11Yh+2+t0dfEWxoMxGBvv3JpIocFl9E=",
        "owner": "hercules-ci",
        "repo": "flake-parts",
        "rev": "f7b3c975cf067e56e7cda6cb098ebe3fb4d74ca2",
        "type": "github"
      },
      "original": {
        "owner": "hercules-ci",
        "repo": "flake-parts",
        "type": "github"
      }
    },
    "flake-utils": {
      "inputs": {
        "systems": "systems_2"
      },
      "locked": {
        "lastModified": 1710146030,
        "narHash": "sha256-SZ5L6eA7HJ/nmkzGG7/ISclqe6oZdOZTNoesiInkXPQ=",
        "owner": "numtide",
        "repo": "flake-utils",
        "rev": "b1d9ab70662946ef0850d488da1c9019f3a9752a",
        "type": "github"
      },
      "original": {
        "owner": "numtide",
        "repo": "flake-utils",
        "type": "github"
      }
    },
    "flake-utils_2": {
      "inputs": {
        "systems": "systems_3"
      },
      "locked": {
        "lastModified": 1705309234,
        "narHash": "sha256-uNRRNRKmJyCRC/8y1RqBkqWBLM034y4qN7EprSdmgyA=",
        "owner": "numtide",
        "repo": "flake-utils",
        "rev": "1ef2e671c3b0c19053962c07dbda38332dcebf26",
        "type": "github"
      },
      "original": {
        "owner": "numtide",
        "repo": "flake-utils",
        "type": "github"
      }
    },
    "home-manager": {
      "inputs": {
        "nixpkgs": [
          "nixpkgs"
        ]
      },
      "locked": {
        "lastModified": 1711625603,
        "narHash": "sha256-W+9dfqA9bqUIBV5u7jaIARAzMe3kTq/Hp2SpSVXKRQw=",
        "owner": "nix-community",
        "repo": "home-manager",
        "rev": "c0ef0dab55611c676ad7539bf4e41b3ec6fa87d2",
        "type": "github"
      },
      "original": {
        "owner": "nix-community",
        "ref": "master",
        "repo": "home-manager",
        "type": "github"
      }
    },
    "nix-direnv": {
      "inputs": {
        "flake-parts": "flake-parts",
        "nixpkgs": "nixpkgs_2",
        "treefmt-nix": "treefmt-nix"
      },
      "locked": {
        "lastModified": 1710379196,
        "narHash": "sha256-77BXN4okkGx7XVEiUFW2mIuaMDaVnj/7Sn4ZlHJ9fys=",
        "owner": "nix-community",
        "repo": "nix-direnv",
        "rev": "6455f38a8dcf731dccd69aabef3f85ac962bfa8d",
        "type": "github"
      },
      "original": {
        "owner": "nix-community",
        "repo": "nix-direnv",
        "type": "github"
      }
    },
    "nixos-wsl": {
      "inputs": {
        "flake-compat": "flake-compat",
        "flake-utils": "flake-utils_2",
        "nixpkgs": [
          "nixpkgs"
        ]
      },
      "locked": {
        "lastModified": 1710519878,
        "narHash": "sha256-0dbc10OBFUVYyXC+C+N6vRUd8xyBSRxkcZ4Egipbx0M=",
        "owner": "nix-community",
        "repo": "NixOS-WSL",
        "rev": "aef95bdb6800a3a2af7aa7083d6df03067da6592",
        "type": "github"
      },
      "original": {
        "owner": "nix-community",
        "repo": "NixOS-WSL",
        "type": "github"
      }
    },
    "nixpkgs": {
      "locked": {
        "lastModified": 1709780214,
        "narHash": "sha256-p4iDKdveHMhfGAlpxmkCtfQO3WRzmlD11aIcThwPqhk=",
        "owner": "NixOS",
        "repo": "nixpkgs",
        "rev": "f945939fd679284d736112d3d5410eb867f3b31c",
        "type": "github"
      },
      "original": {
        "id": "nixpkgs",
        "type": "indirect"
      }
    },
    "nixpkgs_2": {
      "locked": {
        "lastModified": 1710346304,
        "narHash": "sha256-vwoyBoCovK7+vdbCYqL9MssoFQjaXtZN8sElcjUdbx8=",
        "owner": "NixOS",
        "repo": "nixpkgs",
        "rev": "a0906f14161a5c5792e9883117b9471f5bf6df72",
        "type": "github"
      },
      "original": {
        "owner": "NixOS",
        "ref": "nixpkgs-unstable",
        "repo": "nixpkgs",
        "type": "github"
      }
    },
    "nixpkgs_3": {
      "locked": {
        "lastModified": 1711703276,
        "narHash": "sha256-iMUFArF0WCatKK6RzfUJknjem0H9m4KgorO/p3Dopkk=",
        "owner": "NixOS",
        "repo": "nixpkgs",
        "rev": "d8fe5e6c92d0d190646fb9f1056741a229980089",
        "type": "github"
      },
      "original": {
        "id": "nixpkgs",
        "ref": "nixos-unstable",
        "type": "indirect"
      }
    },
    "nixpkgs_4": {
      "locked": {
        "lastModified": 1708296515,
        "narHash": "sha256-FyF489fYNAUy7b6dkYV6rGPyzp+4tThhr80KNAaF/yY=",
        "owner": "nixos",
        "repo": "nixpkgs",
        "rev": "b98a4e1746acceb92c509bc496ef3d0e5ad8d4aa",
        "type": "github"
      },
      "original": {
        "owner": "nixos",
        "ref": "nixos-unstable",
        "repo": "nixpkgs",
        "type": "github"
      }
    },
    "nur": {
      "locked": {
        "lastModified": 1711828914,
        "narHash": "sha256-AVNXWWyTKmN+zCNzjD/4YciwL4bVkPHH/mGC4+w2w04=",
        "owner": "nix-community",
        "repo": "nur",
        "rev": "f15e597505c1d6a0c3d6560067ecfda57ee511d6",
        "type": "github"
      },
      "original": {
        "owner": "nix-community",
        "repo": "nur",
        "type": "github"
      }
    },
    "nurl": {
      "inputs": {
        "nixpkgs": "nixpkgs_4"
      },
      "locked": {
        "lastModified": 1708368674,
        "narHash": "sha256-QzvpuikAHHHN91pDkBDoUx3x8LJVHbk2JDwYXe87WCc=",
        "owner": "nix-community",
        "repo": "nurl",
        "rev": "7f789ea2da9ff52724efb38df01ecda87704fc87",
        "type": "github"
      },
      "original": {
        "owner": "nix-community",
        "repo": "nurl",
        "type": "github"
      }
    },
    "root": {
      "inputs": {
        "config-nix-private": "config-nix-private",
        "darwin": "darwin",
        "flake-utils": "flake-utils",
        "home-manager": "home-manager",
        "nix-direnv": "nix-direnv",
        "nixos-wsl": "nixos-wsl",
        "nixpkgs": "nixpkgs_3",
        "nur": "nur",
        "nurl": "nurl"
      }
    },
    "systems": {
      "locked": {
        "lastModified": 1681028828,
        "narHash": "sha256-Vy1rq5AaRuLzOxct8nz4T6wlgyUR7zLU309k9mBC768=",
        "owner": "nix-systems",
        "repo": "default",
        "rev": "da67096a3b9bf56a91d16901293e51ba5b49a27e",
        "type": "github"
      },
      "original": {
        "owner": "nix-systems",
        "repo": "default",
        "type": "github"
      }
    },
    "systems_2": {
      "locked": {
        "lastModified": 1681028828,
        "narHash": "sha256-Vy1rq5AaRuLzOxct8nz4T6wlgyUR7zLU309k9mBC768=",
        "owner": "nix-systems",
        "repo": "default",
        "rev": "da67096a3b9bf56a91d16901293e51ba5b49a27e",
        "type": "github"
      },
      "original": {
        "owner": "nix-systems",
        "repo": "default",
        "type": "github"
      }
    },
    "systems_3": {
      "locked": {
        "lastModified": 1681028828,
        "narHash": "sha256-Vy1rq5AaRuLzOxct8nz4T6wlgyUR7zLU309k9mBC768=",
        "owner": "nix-systems",
        "repo": "default",
        "rev": "da67096a3b9bf56a91d16901293e51ba5b49a27e",
        "type": "github"
      },
      "original": {
        "owner": "nix-systems",
        "repo": "default",
        "type": "github"
      }
    },
    "treefmt-nix": {
      "inputs": {
        "nixpkgs": [
          "nix-direnv",
          "nixpkgs"
        ]
      },
      "locked": {
        "lastModified": 1710278050,
        "narHash": "sha256-Oc6BP7soXqb8itlHI8UKkdf3V9GeJpa1S39SR5+HJys=",
        "owner": "numtide",
        "repo": "treefmt-nix",
        "rev": "35791f76524086ab4b785a33e4abbedfda64bd22",
        "type": "github"
      },
      "original": {
        "owner": "numtide",
        "repo": "treefmt-nix",
        "type": "github"
      }
    },
    "utils": {
      "inputs": {
        "systems": "systems"
      },
      "locked": {
        "lastModified": 1709126324,
        "narHash": "sha256-q6EQdSeUZOG26WelxqkmR7kArjgWCdw5sfJVHPH/7j8=",
        "owner": "numtide",
        "repo": "flake-utils",
        "rev": "d465f4819400de7c8d874d50b982301f28a84605",
        "type": "github"
      },
      "original": {
        "owner": "numtide",
        "repo": "flake-utils",
        "type": "github"
      }
    }
  },
  "root": "root",
  "version": 7
}
