{
  "nodes": {
    "config-nix-private": {
      "inputs": {
        "nixpkgs": "nixpkgs",
        "utils": "utils"
      },
      "locked": {
        "lastModified": 1730630194,
        "narHash": "sha256-qLzSVeKAWHGyAD6grHoUneT6CfRI8dnwt97VQB4nWRw=",
        "ref": "refs/heads/main",
        "rev": "bb7294b7544c3e6e3386448a7bddae0274cc4430",
        "revCount": 10,
        "type": "git",
        "url": "file:///Users/dave/config-nix-private"
      },
      "original": {
        "type": "git",
        "url": "file:///Users/dave/config-nix-private"
      }
    },
    "darwin": {
      "inputs": {
        "nixpkgs": [
          "nixpkgs"
        ]
      },
      "locked": {
        "lastModified": 1742373336,
        "narHash": "sha256-oEF5dBlq8wGD3mkJ5PmFS1PGb28uYmvuy1IH6roIGkQ=",
        "owner": "lnl7",
        "repo": "nix-darwin",
        "rev": "2d9b63316926aa130a5a51136d93b9be28808f26",
        "type": "github"
      },
      "original": {
        "owner": "lnl7",
        "ref": "master",
        "repo": "nix-darwin",
        "type": "github"
      }
    },
    "flake-compat": {
      "flake": false,
      "locked": {
        "lastModified": 1733328505,
        "narHash": "sha256-NeCCThCEP3eCl2l/+27kNNK7QrwZB1IJCrXfrbv5oqU=",
        "owner": "edolstra",
        "repo": "flake-compat",
        "rev": "ff81ac966bb2cae68946d5ed5fc4994f96d0ffec",
        "type": "github"
      },
      "original": {
        "owner": "edolstra",
        "repo": "flake-compat",
        "type": "github"
      }
    },
    "flake-parts": {
      "inputs": {
        "nixpkgs-lib": [
          "nix-direnv",
          "nixpkgs"
        ]
      },
      "locked": {
        "lastModified": 1725234343,
        "narHash": "sha256-+ebgonl3NbiKD2UD0x4BszCZQ6sTfL4xioaM49o5B3Y=",
        "owner": "hercules-ci",
        "repo": "flake-parts",
        "rev": "567b938d64d4b4112ee253b9274472dc3a346eb6",
        "type": "github"
      },
      "original": {
        "owner": "hercules-ci",
        "repo": "flake-parts",
        "type": "github"
      }
    },
    "flake-parts_2": {
      "inputs": {
        "nixpkgs-lib": [
          "nur",
          "nixpkgs"
        ]
      },
      "locked": {
        "lastModified": 1733312601,
        "narHash": "sha256-4pDvzqnegAfRkPwO3wmwBhVi/Sye1mzps0zHWYnP88c=",
        "owner": "hercules-ci",
        "repo": "flake-parts",
        "rev": "205b12d8b7cd4802fbcb8e8ef6a0f1408781a4f9",
        "type": "github"
      },
      "original": {
        "owner": "hercules-ci",
        "repo": "flake-parts",
        "type": "github"
      }
    },
    "flake-utils": {
      "inputs": {
        "systems": "systems_2"
      },
      "locked": {
        "lastModified": 1731533236,
        "narHash": "sha256-l0KFg5HjrsfsO/JpG+r7fRrqm12kzFHyUHqHCVpMMbI=",
        "owner": "numtide",
        "repo": "flake-utils",
        "rev": "11707dc2f618dd54ca8739b309ec4fc024de578b",
        "type": "github"
      },
      "original": {
        "owner": "numtide",
        "repo": "flake-utils",
        "type": "github"
      }
    },
    "home-manager": {
      "inputs": {
        "nixpkgs": [
          "nixpkgs"
        ]
      },
      "locked": {
        "lastModified": 1742326330,
        "narHash": "sha256-Tumt3tcMXJniSh7tw2gW+WAnVLeB3WWm+E+yYFnLBXo=",
        "owner": "nix-community",
        "repo": "home-manager",
        "rev": "22a36aa709de7dd42b562a433b9cefecf104a6ee",
        "type": "github"
      },
      "original": {
        "owner": "nix-community",
        "ref": "master",
        "repo": "home-manager",
        "type": "github"
      }
    },
    "nix-direnv": {
      "inputs": {
        "flake-parts": "flake-parts",
        "nixpkgs": "nixpkgs_2",
        "treefmt-nix": "treefmt-nix"
      },
      "locked": {
        "lastModified": 1742186154,
        "narHash": "sha256-KXoeTXrilpJ+nCjutA1s0fK7Pxe174NptwMXSRb1lBc=",
        "owner": "nix-community",
        "repo": "nix-direnv",
        "rev": "69a5b2175e278115e1dd6354e5db42c1f6319dec",
        "type": "github"
      },
      "original": {
        "owner": "nix-community",
        "repo": "nix-direnv",
        "type": "github"
      }
    },
    "nixos-wsl": {
      "inputs": {
        "flake-compat": "flake-compat",
        "nixpkgs": [
          "nixpkgs"
        ]
      },
      "locked": {
        "lastModified": 1742209789,
        "narHash": "sha256-D3GWoPC7dbF4LSJ5VfskuD6K77Ej4WyTsynJ06eh9kw=",
        "owner": "nix-community",
        "repo": "NixOS-WSL",
        "rev": "bc827c2924c46f2344d3168fd82c6711aaceb610",
        "type": "github"
      },
      "original": {
        "owner": "nix-community",
        "repo": "NixOS-WSL",
        "type": "github"
      }
    },
    "nixpkgs": {
      "locked": {
        "lastModified": 1709780214,
        "narHash": "sha256-p4iDKdveHMhfGAlpxmkCtfQO3WRzmlD11aIcThwPqhk=",
        "owner": "NixOS",
        "repo": "nixpkgs",
        "rev": "f945939fd679284d736112d3d5410eb867f3b31c",
        "type": "github"
      },
      "original": {
        "id": "nixpkgs",
        "type": "indirect"
      }
    },
    "nixpkgs_2": {
      "locked": {
        "lastModified": 1725194671,
        "narHash": "sha256-tLGCFEFTB5TaOKkpfw3iYT9dnk4awTP/q4w+ROpMfuw=",
        "owner": "NixOS",
        "repo": "nixpkgs",
        "rev": "b833ff01a0d694b910daca6e2ff4a3f26dee478c",
        "type": "github"
      },
      "original": {
        "owner": "NixOS",
        "ref": "nixpkgs-unstable",
        "repo": "nixpkgs",
        "type": "github"
      }
    },
    "nixpkgs_3": {
      "locked": {
        "lastModified": 1742288794,
        "narHash": "sha256-Txwa5uO+qpQXrNG4eumPSD+hHzzYi/CdaM80M9XRLCo=",
        "owner": "NixOS",
        "repo": "nixpkgs",
        "rev": "b6eaf97c6960d97350c584de1b6dcff03c9daf42",
        "type": "github"
      },
      "original": {
        "id": "nixpkgs",
        "ref": "nixos-unstable",
        "type": "indirect"
      }
    },
    "nixpkgs_4": {
      "locked": {
        "lastModified": 1742288794,
        "narHash": "sha256-Txwa5uO+qpQXrNG4eumPSD+hHzzYi/CdaM80M9XRLCo=",
        "owner": "nixos",
        "repo": "nixpkgs",
        "rev": "b6eaf97c6960d97350c584de1b6dcff03c9daf42",
        "type": "github"
      },
      "original": {
        "owner": "nixos",
        "ref": "nixos-unstable",
        "repo": "nixpkgs",
        "type": "github"
      }
    },
    "nixpkgs_5": {
      "locked": {
        "lastModified": 1708296515,
        "narHash": "sha256-FyF489fYNAUy7b6dkYV6rGPyzp+4tThhr80KNAaF/yY=",
        "owner": "nixos",
        "repo": "nixpkgs",
        "rev": "b98a4e1746acceb92c509bc496ef3d0e5ad8d4aa",
        "type": "github"
      },
      "original": {
        "owner": "nixos",
        "ref": "nixos-unstable",
        "repo": "nixpkgs",
        "type": "github"
      }
    },
    "nur": {
      "inputs": {
        "flake-parts": "flake-parts_2",
        "nixpkgs": "nixpkgs_4",
        "treefmt-nix": "treefmt-nix_2"
      },
      "locked": {
        "lastModified": 1742375758,
        "narHash": "sha256-2DyqzYbSiU5/sLiBSxhFXzmhWw7xH5d9gZXp93VhFLE=",
        "owner": "nix-community",
        "repo": "nur",
        "rev": "1ad28216d9a988e1e786d2d818db7cab20ca59ae",
        "type": "github"
      },
      "original": {
        "owner": "nix-community",
        "repo": "nur",
        "type": "github"
      }
    },
    "nurl": {
      "inputs": {
        "nixpkgs": "nixpkgs_5"
      },
      "locked": {
        "lastModified": 1726505596,
        "narHash": "sha256-WAFqmlsShuQngk6LMFlgz7Oyc41TAQeTa/49phhRizY=",
        "owner": "nix-community",
        "repo": "nurl",
        "rev": "3a3ba7f0d14d92e1266395d826c6e229797d0044",
        "type": "github"
      },
      "original": {
        "owner": "nix-community",
        "repo": "nurl",
        "type": "github"
      }
    },
    "root": {
      "inputs": {
        "config-nix-private": "config-nix-private",
        "darwin": "darwin",
        "flake-utils": "flake-utils",
        "home-manager": "home-manager",
        "nix-direnv": "nix-direnv",
        "nixos-wsl": "nixos-wsl",
        "nixpkgs": "nixpkgs_3",
        "nur": "nur",
        "nurl": "nurl"
      }
    },
    "systems": {
      "locked": {
        "lastModified": 1681028828,
        "narHash": "sha256-Vy1rq5AaRuLzOxct8nz4T6wlgyUR7zLU309k9mBC768=",
        "owner": "nix-systems",
        "repo": "default",
        "rev": "da67096a3b9bf56a91d16901293e51ba5b49a27e",
        "type": "github"
      },
      "original": {
        "owner": "nix-systems",
        "repo": "default",
        "type": "github"
      }
    },
    "systems_2": {
      "locked": {
        "lastModified": 1681028828,
        "narHash": "sha256-Vy1rq5AaRuLzOxct8nz4T6wlgyUR7zLU309k9mBC768=",
        "owner": "nix-systems",
        "repo": "default",
        "rev": "da67096a3b9bf56a91d16901293e51ba5b49a27e",
        "type": "github"
      },
      "original": {
        "owner": "nix-systems",
        "repo": "default",
        "type": "github"
      }
    },
    "treefmt-nix": {
      "inputs": {
        "nixpkgs": [
          "nix-direnv",
          "nixpkgs"
        ]
      },
      "locked": {
        "lastModified": 1724833132,
        "narHash": "sha256-F4djBvyNRAXGusJiNYInqR6zIMI3rvlp6WiKwsRISos=",
        "owner": "numtide",
        "repo": "treefmt-nix",
        "rev": "3ffd842a5f50f435d3e603312eefa4790db46af5",
        "type": "github"
      },
      "original": {
        "owner": "numtide",
        "repo": "treefmt-nix",
        "type": "github"
      }
    },
    "treefmt-nix_2": {
      "inputs": {
        "nixpkgs": [
          "nur",
          "nixpkgs"
        ]
      },
      "locked": {
        "lastModified": 1733222881,
        "narHash": "sha256-JIPcz1PrpXUCbaccEnrcUS8jjEb/1vJbZz5KkobyFdM=",
        "owner": "numtide",
        "repo": "treefmt-nix",
        "rev": "49717b5af6f80172275d47a418c9719a31a78b53",
        "type": "github"
      },
      "original": {
        "owner": "numtide",
        "repo": "treefmt-nix",
        "type": "github"
      }
    },
    "utils": {
      "inputs": {
        "systems": "systems"
      },
      "locked": {
        "lastModified": 1709126324,
        "narHash": "sha256-q6EQdSeUZOG26WelxqkmR7kArjgWCdw5sfJVHPH/7j8=",
        "owner": "numtide",
        "repo": "flake-utils",
        "rev": "d465f4819400de7c8d874d50b982301f28a84605",
        "type": "github"
      },
      "original": {
        "owner": "numtide",
        "repo": "flake-utils",
        "type": "github"
      }
    }
  },
  "root": "root",
  "version": 7
}
